
Microsoft Visual Studio Solution File, Format Version 12.00
# Visual Studio Version 17
VisualStudioVersion = 17.2.32516.85
MinimumVisualStudioVersion = 10.0.40219.1
Project("{FAE04EC0-301F-11D3-BF4B-00C04F79EFBC}") = "Book", "Book\Book.csproj", "{90A6D6C6-2F67-47A9-98FB-CAC5118C33D5}"
EndProject
Project("{FAE04EC0-301F-11D3-BF4B-00C04F79EFBC}") = "UnitTestProject1", "UnitTestProject1\UnitTestProject1.csproj", "{26D98A40-4A3A-4E9D-89D0-4BEE53C52F81}"
EndProject
Global
	GlobalSection(SolutionConfigurationPlatforms) = preSolution
		Debug|Any CPU = Debug|Any CPU
		Release|Any CPU = Release|Any CPU
	EndGlobalSection
	GlobalSection(ProjectConfigurationPlatforms) = postSolution
		{90A6D6C6-2F67-47A9-98FB-CAC5118C33D5}.Debug|Any CPU.ActiveCfg = Debug|Any CPU
		{90A6D6C6-2F67-47A9-98FB-CAC5118C33D5}.Debug|Any CPU.Build.0 = Debug|Any CPU
		{90A6D6C6-2F67-47A9-98FB-CAC5118C33D5}.Release|Any CPU.ActiveCfg = Release|Any CPU
		{90A6D6C6-2F67-47A9-98FB-CAC5118C33D5}.Release|Any CPU.Build.0 = Release|Any CPU
		{26D98A40-4A3A-4E9D-89D0-4BEE53C52F81}.Debug|Any CPU.ActiveCfg = Debug|Any CPU
		{26D98A40-4A3A-4E9D-89D0-4BEE53C52F81}.Debug|Any CPU.Build.0 = Debug|Any CPU
		{26D98A40-4A3A-4E9D-89D0-4BEE53C52F81}.Release|Any CPU.ActiveCfg = Release|Any CPU
		{26D98A40-4A3A-4E9D-89D0-4BEE53C52F81}.Release|Any CPU.Build.0 = Release|Any CPU
	EndGlobalSection
	GlobalSection(SolutionProperties) = preSolution
		HideSolutionNode = FALSE
	EndGlobalSection
	GlobalSection(ExtensibilityGlobals) = postSolution
		SolutionGuid = {CF9C83B6-8467-4BB4-A3A3-19F5746290A5}
	EndGlobalSection
EndGlobal
